
Microsoft Visual Studio Solution File, Format Version 12.00
# Visual Studio Version 17
VisualStudioVersion = 17.14.36401.2 d17.14
MinimumVisualStudioVersion = 10.0.40219.1
Project("{FAE04EC0-301F-11D3-BF4B-00C04F79EFBC}") = "tudorial_2_3", "tudorial_2_3\tudorial_2_3.csproj", "{235FDB25-2B0A-455E-87A6-C9D7CC343927}"
EndProject
Global
	GlobalSection(SolutionConfigurationPlatforms) = preSolution
		Debug|Any CPU = Debug|Any CPU
		Release|Any CPU = Release|Any CPU
	EndGlobalSection
	GlobalSection(ProjectConfigurationPlatforms) = postSolution
		{235FDB25-2B0A-455E-87A6-C9D7CC343927}.Debug|Any CPU.ActiveCfg = Debug|Any CPU
		{235FDB25-2B0A-455E-87A6-C9D7CC343927}.Debug|Any CPU.Build.0 = Debug|Any CPU
		{235FDB25-2B0A-455E-87A6-C9D7CC343927}.Release|Any CPU.ActiveCfg = Release|Any CPU
		{235FDB25-2B0A-455E-87A6-C9D7CC343927}.Release|Any CPU.Build.0 = Release|Any CPU
	EndGlobalSection
	GlobalSection(SolutionProperties) = preSolution
		HideSolutionNode = FALSE
	EndGlobalSection
	GlobalSection(ExtensibilityGlobals) = postSolution
		SolutionGuid = {3C2B41AB-2C21-4703-8DA3-45D55509E0B3}
	EndGlobalSection
EndGlobal
